// !$*UTF8*$!
{
	archiveVersion = 1;
	classes = {
	};
	objectVersion = 56;
	objects = {

/* Begin PBXBuildFile section */
		0590D647292E3435008D46F9 /* JSONF.json in Resources */ = {isa = PBXBuildFile; fileRef = 0517329F292D2156006E2B15 /* JSONF.json */; };
		0590D649292E474B008D46F9 /* TitleCell.swift in Sources */ = {isa = PBXBuildFile; fileRef = 0590D648292E474B008D46F9 /* TitleCell.swift */; };
		0590D6D1292E8AF7008D46F9 /* CustomColors.swift in Sources */ = {isa = PBXBuildFile; fileRef = 0590D6D0292E8AF7008D46F9 /* CustomColors.swift */; };
		0590D6D3292E8B22008D46F9 /* FontExtention.swift in Sources */ = {isa = PBXBuildFile; fileRef = 0590D6D2292E8B22008D46F9 /* FontExtention.swift */; };
		0590D6D5292E8B46008D46F9 /* Colors.xcassets in Resources */ = {isa = PBXBuildFile; fileRef = 0590D6D4292E8B46008D46F9 /* Colors.xcassets */; };
		05D8019D292AEA0100942716 /* HoursWeatherView.swift in Sources */ = {isa = PBXBuildFile; fileRef = 05D8019C292AEA0100942716 /* HoursWeatherView.swift */; };
		05D8019F292AEA2100942716 /* HoursWeatherCollectionCell.swift in Sources */ = {isa = PBXBuildFile; fileRef = 05D8019E292AEA2100942716 /* HoursWeatherCollectionCell.swift */; };
		05D801A2292AEB3100942716 /* WeatherLable.swift in Sources */ = {isa = PBXBuildFile; fileRef = 05D801A1292AEB3100942716 /* WeatherLable.swift */; };
		05E658E0292A5AE3004B6F0B /* AppDelegate.swift in Sources */ = {isa = PBXBuildFile; fileRef = 05E658DF292A5AE3004B6F0B /* AppDelegate.swift */; };
		05E658E2292A5AE3004B6F0B /* SceneDelegate.swift in Sources */ = {isa = PBXBuildFile; fileRef = 05E658E1292A5AE3004B6F0B /* SceneDelegate.swift */; };
		05E658E4292A5AE3004B6F0B /* WeatherViewController.swift in Sources */ = {isa = PBXBuildFile; fileRef = 05E658E3292A5AE3004B6F0B /* WeatherViewController.swift */; };
		05E658E7292A5AE3004B6F0B /* Main.storyboard in Resources */ = {isa = PBXBuildFile; fileRef = 05E658E5292A5AE3004B6F0B /* Main.storyboard */; };
		05E658E9292A5AE4004B6F0B /* Assets.xcassets in Resources */ = {isa = PBXBuildFile; fileRef = 05E658E8292A5AE4004B6F0B /* Assets.xcassets */; };
		05E658EC292A5AE4004B6F0B /* LaunchScreen.storyboard in Resources */ = {isa = PBXBuildFile; fileRef = 05E658EA292A5AE4004B6F0B /* LaunchScreen.storyboard */; };
		05E658F7292A86D5004B6F0B /* Inter.ttf in Resources */ = {isa = PBXBuildFile; fileRef = 05E658F6292A86D5004B6F0B /* Inter.ttf */; };
		05FC97FF292BB7F000A6DC99 /* Weather.swift in Sources */ = {isa = PBXBuildFile; fileRef = 05FC97FE292BB7F000A6DC99 /* Weather.swift */; };
		05FC9801292BB81700A6DC99 /* IconEnum.swift in Sources */ = {isa = PBXBuildFile; fileRef = 05FC9800292BB81700A6DC99 /* IconEnum.swift */; };
		05FC9803292BB83F00A6DC99 /* WeatherScreenDataModels.swift in Sources */ = {isa = PBXBuildFile; fileRef = 05FC9802292BB83F00A6DC99 /* WeatherScreenDataModels.swift */; };
		05FC9809292BBAA000A6DC99 /* WeatherForAWeekCell.swift in Sources */ = {isa = PBXBuildFile; fileRef = 05FC9808292BBAA000A6DC99 /* WeatherForAWeekCell.swift */; };
		05FC980B292BBAAF00A6DC99 /* WeatherForAWeekTableViewCell.swift in Sources */ = {isa = PBXBuildFile; fileRef = 05FC980A292BBAAF00A6DC99 /* WeatherForAWeekTableViewCell.swift */; };
		05FC980F292BBB3000A6DC99 /* ContentView.swift in Sources */ = {isa = PBXBuildFile; fileRef = 05FC980E292BBB3000A6DC99 /* ContentView.swift */; };
		05FC9811292BBB3B00A6DC99 /* SeparatorView.swift in Sources */ = {isa = PBXBuildFile; fileRef = 05FC9810292BBB3B00A6DC99 /* SeparatorView.swift */; };
		05FC9816292BBBB300A6DC99 /* WeatherScreenConfigurator.swift in Sources */ = {isa = PBXBuildFile; fileRef = 05FC9815292BBBB300A6DC99 /* WeatherScreenConfigurator.swift */; };
		05FC9818292BBBC800A6DC99 /* WeatherScreenPresenter.swift in Sources */ = {isa = PBXBuildFile; fileRef = 05FC9817292BBBC800A6DC99 /* WeatherScreenPresenter.swift */; };
		05FC9865292C069300A6DC99 /* JSONManager.swift in Sources */ = {isa = PBXBuildFile; fileRef = 05FC9864292C069300A6DC99 /* JSONManager.swift */; };
/* End PBXBuildFile section */

/* Begin PBXFileReference section */
		0517329F292D2156006E2B15 /* JSONF.json */ = {isa = PBXFileReference; lastKnownFileType = text.json; path = JSONF.json; sourceTree = "<group>"; };
		0590D648292E474B008D46F9 /* TitleCell.swift */ = {isa = PBXFileReference; lastKnownFileType = sourcecode.swift; path = TitleCell.swift; sourceTree = "<group>"; };
		0590D6D0292E8AF7008D46F9 /* CustomColors.swift */ = {isa = PBXFileReference; lastKnownFileType = sourcecode.swift; path = CustomColors.swift; sourceTree = "<group>"; };
		0590D6D2292E8B22008D46F9 /* FontExtention.swift */ = {isa = PBXFileReference; lastKnownFileType = sourcecode.swift; path = FontExtention.swift; sourceTree = "<group>"; };
		0590D6D4292E8B46008D46F9 /* Colors.xcassets */ = {isa = PBXFileReference; lastKnownFileType = folder.assetcatalog; path = Colors.xcassets; sourceTree = "<group>"; };
		05D8019C292AEA0100942716 /* HoursWeatherView.swift */ = {isa = PBXFileReference; lastKnownFileType = sourcecode.swift; path = HoursWeatherView.swift; sourceTree = "<group>"; };
		05D8019E292AEA2100942716 /* HoursWeatherCollectionCell.swift */ = {isa = PBXFileReference; lastKnownFileType = sourcecode.swift; path = HoursWeatherCollectionCell.swift; sourceTree = "<group>"; };
		05D801A1292AEB3100942716 /* WeatherLable.swift */ = {isa = PBXFileReference; lastKnownFileType = sourcecode.swift; path = WeatherLable.swift; sourceTree = "<group>"; };
		05E658DC292A5AE3004B6F0B /* TestTaskXOne.app */ = {isa = PBXFileReference; explicitFileType = wrapper.application; includeInIndex = 0; path = TestTaskXOne.app; sourceTree = BUILT_PRODUCTS_DIR; };
		05E658DF292A5AE3004B6F0B /* AppDelegate.swift */ = {isa = PBXFileReference; lastKnownFileType = sourcecode.swift; path = AppDelegate.swift; sourceTree = "<group>"; };
		05E658E1292A5AE3004B6F0B /* SceneDelegate.swift */ = {isa = PBXFileReference; lastKnownFileType = sourcecode.swift; path = SceneDelegate.swift; sourceTree = "<group>"; };
		05E658E3292A5AE3004B6F0B /* WeatherViewController.swift */ = {isa = PBXFileReference; lastKnownFileType = sourcecode.swift; path = WeatherViewController.swift; sourceTree = "<group>"; };
		05E658E6292A5AE3004B6F0B /* Base */ = {isa = PBXFileReference; lastKnownFileType = file.storyboard; name = Base; path = Base.lproj/Main.storyboard; sourceTree = "<group>"; };
		05E658E8292A5AE4004B6F0B /* Assets.xcassets */ = {isa = PBXFileReference; lastKnownFileType = folder.assetcatalog; path = Assets.xcassets; sourceTree = "<group>"; };
		05E658EB292A5AE4004B6F0B /* Base */ = {isa = PBXFileReference; lastKnownFileType = file.storyboard; name = Base; path = Base.lproj/LaunchScreen.storyboard; sourceTree = "<group>"; };
		05E658ED292A5AE4004B6F0B /* Info.plist */ = {isa = PBXFileReference; lastKnownFileType = text.plist.xml; path = Info.plist; sourceTree = "<group>"; };
		05E658F6292A86D5004B6F0B /* Inter.ttf */ = {isa = PBXFileReference; lastKnownFileType = file; name = Inter.ttf; path = ../../../../../Downloads/Inter/Inter.ttf; sourceTree = "<group>"; };
		05FC97FE292BB7F000A6DC99 /* Weather.swift */ = {isa = PBXFileReference; lastKnownFileType = sourcecode.swift; path = Weather.swift; sourceTree = "<group>"; };
		05FC9800292BB81700A6DC99 /* IconEnum.swift */ = {isa = PBXFileReference; lastKnownFileType = sourcecode.swift; path = IconEnum.swift; sourceTree = "<group>"; };
		05FC9802292BB83F00A6DC99 /* WeatherScreenDataModels.swift */ = {isa = PBXFileReference; lastKnownFileType = sourcecode.swift; path = WeatherScreenDataModels.swift; sourceTree = "<group>"; };
		05FC9808292BBAA000A6DC99 /* WeatherForAWeekCell.swift */ = {isa = PBXFileReference; lastKnownFileType = sourcecode.swift; path = WeatherForAWeekCell.swift; sourceTree = "<group>"; };
		05FC980A292BBAAF00A6DC99 /* WeatherForAWeekTableViewCell.swift */ = {isa = PBXFileReference; lastKnownFileType = sourcecode.swift; path = WeatherForAWeekTableViewCell.swift; sourceTree = "<group>"; };
		05FC980E292BBB3000A6DC99 /* ContentView.swift */ = {isa = PBXFileReference; lastKnownFileType = sourcecode.swift; path = ContentView.swift; sourceTree = "<group>"; };
		05FC9810292BBB3B00A6DC99 /* SeparatorView.swift */ = {isa = PBXFileReference; lastKnownFileType = sourcecode.swift; path = SeparatorView.swift; sourceTree = "<group>"; };
		05FC9815292BBBB300A6DC99 /* WeatherScreenConfigurator.swift */ = {isa = PBXFileReference; lastKnownFileType = sourcecode.swift; path = WeatherScreenConfigurator.swift; sourceTree = "<group>"; };
		05FC9817292BBBC800A6DC99 /* WeatherScreenPresenter.swift */ = {isa = PBXFileReference; lastKnownFileType = sourcecode.swift; path = WeatherScreenPresenter.swift; sourceTree = "<group>"; };
		05FC9864292C069300A6DC99 /* JSONManager.swift */ = {isa = PBXFileReference; lastKnownFileType = sourcecode.swift; path = JSONManager.swift; sourceTree = "<group>"; };
/* End PBXFileReference section */

/* Begin PBXFrameworksBuildPhase section */
		05E658D9292A5AE3004B6F0B /* Frameworks */ = {
			isa = PBXFrameworksBuildPhase;
			buildActionMask = 2147483647;
			files = (
			);
			runOnlyForDeploymentPostprocessing = 0;
		};
/* End PBXFrameworksBuildPhase section */

/* Begin PBXGroup section */
		05D8019B292AE9BE00942716 /* HoursWeatherView */ = {
			isa = PBXGroup;
			children = (
				05D8019C292AEA0100942716 /* HoursWeatherView.swift */,
				05D8019E292AEA2100942716 /* HoursWeatherCollectionCell.swift */,
			);
			path = HoursWeatherView;
			sourceTree = "<group>";
		};
		05D801A0292AEB1F00942716 /* CustomViews */ = {
			isa = PBXGroup;
			children = (
				05D801A1292AEB3100942716 /* WeatherLable.swift */,
				05FC980E292BBB3000A6DC99 /* ContentView.swift */,
				05FC9810292BBB3B00A6DC99 /* SeparatorView.swift */,
			);
			path = CustomViews;
			sourceTree = "<group>";
		};
		05E658D3292A5AE3004B6F0B = {
			isa = PBXGroup;
			children = (
				05E658DE292A5AE3004B6F0B /* TestTaskXOne */,
				05E658DD292A5AE3004B6F0B /* Products */,
			);
			sourceTree = "<group>";
		};
		05E658DD292A5AE3004B6F0B /* Products */ = {
			isa = PBXGroup;
			children = (
				05E658DC292A5AE3004B6F0B /* TestTaskXOne.app */,
			);
			name = Products;
			sourceTree = "<group>";
		};
		05E658DE292A5AE3004B6F0B /* TestTaskXOne */ = {
			isa = PBXGroup;
			children = (
				0517329F292D2156006E2B15 /* JSONF.json */,
				05FC981B292BBC6D00A6DC99 /* Utilities */,
				05FC9805292BBA5300A6DC99 /* WeatherTableViewContentCell */,
				05FC9814292BBB6E00A6DC99 /* WeatherScreen */,
				05FC97FD292BB7D800A6DC99 /* Model */,
				05D801A0292AEB1F00942716 /* CustomViews */,
				05D8019B292AE9BE00942716 /* HoursWeatherView */,
				05E658F5292A86C0004B6F0B /* font */,
				05E658DF292A5AE3004B6F0B /* AppDelegate.swift */,
				05E658E1292A5AE3004B6F0B /* SceneDelegate.swift */,
				05E658E5292A5AE3004B6F0B /* Main.storyboard */,
				05E658E8292A5AE4004B6F0B /* Assets.xcassets */,
				05E658EA292A5AE4004B6F0B /* LaunchScreen.storyboard */,
				05E658ED292A5AE4004B6F0B /* Info.plist */,
				0590D6D4292E8B46008D46F9 /* Colors.xcassets */,
			);
			path = TestTaskXOne;
			sourceTree = "<group>";
		};
		05E658F5292A86C0004B6F0B /* font */ = {
			isa = PBXGroup;
			children = (
				05E658F6292A86D5004B6F0B /* Inter.ttf */,
			);
			path = font;
			sourceTree = "<group>";
		};
		05FC97FD292BB7D800A6DC99 /* Model */ = {
			isa = PBXGroup;
			children = (
				05FC97FE292BB7F000A6DC99 /* Weather.swift */,
				05FC9800292BB81700A6DC99 /* IconEnum.swift */,
				05FC9802292BB83F00A6DC99 /* WeatherScreenDataModels.swift */,
			);
			path = Model;
			sourceTree = "<group>";
		};
		05FC9805292BBA5300A6DC99 /* WeatherTableViewContentCell */ = {
			isa = PBXGroup;
			children = (
				05FC9807292BBA8600A6DC99 /* WeatherForAWeek */,
				0590D648292E474B008D46F9 /* TitleCell.swift */,
			);
			path = WeatherTableViewContentCell;
			sourceTree = "<group>";
		};
		05FC9807292BBA8600A6DC99 /* WeatherForAWeek */ = {
			isa = PBXGroup;
			children = (
				05FC9808292BBAA000A6DC99 /* WeatherForAWeekCell.swift */,
				05FC980A292BBAAF00A6DC99 /* WeatherForAWeekTableViewCell.swift */,
			);
			path = WeatherForAWeek;
			sourceTree = "<group>";
		};
		05FC9814292BBB6E00A6DC99 /* WeatherScreen */ = {
			isa = PBXGroup;
			children = (
				05E658E3292A5AE3004B6F0B /* WeatherViewController.swift */,
				05FC9815292BBBB300A6DC99 /* WeatherScreenConfigurator.swift */,
				05FC9817292BBBC800A6DC99 /* WeatherScreenPresenter.swift */,
			);
			path = WeatherScreen;
			sourceTree = "<group>";
		};
		05FC981B292BBC6D00A6DC99 /* Utilities */ = {
			isa = PBXGroup;
			children = (
				05FC9864292C069300A6DC99 /* JSONManager.swift */,
				0590D6D0292E8AF7008D46F9 /* CustomColors.swift */,
				0590D6D2292E8B22008D46F9 /* FontExtention.swift */,
			);
			path = Utilities;
			sourceTree = "<group>";
		};
/* End PBXGroup section */

/* Begin PBXNativeTarget section */
		05E658DB292A5AE3004B6F0B /* TestTaskXOne */ = {
			isa = PBXNativeTarget;
			buildConfigurationList = 05E658F0292A5AE4004B6F0B /* Build configuration list for PBXNativeTarget "TestTaskXOne" */;
			buildPhases = (
				05E658D8292A5AE3004B6F0B /* Sources */,
				05E658D9292A5AE3004B6F0B /* Frameworks */,
				05E658DA292A5AE3004B6F0B /* Resources */,
			);
			buildRules = (
			);
			dependencies = (
			);
			name = TestTaskXOne;
			productName = TestTaskXOne;
			productReference = 05E658DC292A5AE3004B6F0B /* TestTaskXOne.app */;
			productType = "com.apple.product-type.application";
		};
/* End PBXNativeTarget section */

/* Begin PBXProject section */
		05E658D4292A5AE3004B6F0B /* Project object */ = {
			isa = PBXProject;
			attributes = {
				BuildIndependentTargetsInParallel = 1;
				LastSwiftUpdateCheck = 1410;
				LastUpgradeCheck = 1410;
				TargetAttributes = {
					05E658DB292A5AE3004B6F0B = {
						CreatedOnToolsVersion = 14.1;
					};
				};
			};
			buildConfigurationList = 05E658D7292A5AE3004B6F0B /* Build configuration list for PBXProject "TestTaskXOne" */;
			compatibilityVersion = "Xcode 14.0";
			developmentRegion = en;
			hasScannedForEncodings = 0;
			knownRegions = (
				en,
				Base,
			);
			mainGroup = 05E658D3292A5AE3004B6F0B;
			productRefGroup = 05E658DD292A5AE3004B6F0B /* Products */;
			projectDirPath = "";
			projectRoot = "";
			targets = (
				05E658DB292A5AE3004B6F0B /* TestTaskXOne */,
			);
		};
/* End PBXProject section */

/* Begin PBXResourcesBuildPhase section */
		05E658DA292A5AE3004B6F0B /* Resources */ = {
			isa = PBXResourcesBuildPhase;
			buildActionMask = 2147483647;
			files = (
				05E658EC292A5AE4004B6F0B /* LaunchScreen.storyboard in Resources */,
				0590D647292E3435008D46F9 /* JSONF.json in Resources */,
				05E658F7292A86D5004B6F0B /* Inter.ttf in Resources */,
				0590D6D5292E8B46008D46F9 /* Colors.xcassets in Resources */,
				05E658E9292A5AE4004B6F0B /* Assets.xcassets in Resources */,
				05E658E7292A5AE3004B6F0B /* Main.storyboard in Resources */,
			);
			runOnlyForDeploymentPostprocessing = 0;
		};
/* End PBXResourcesBuildPhase section */

/* Begin PBXSourcesBuildPhase section */
		05E658D8292A5AE3004B6F0B /* Sources */ = {
			isa = PBXSourcesBuildPhase;
			buildActionMask = 2147483647;
			files = (
				05FC9803292BB83F00A6DC99 /* WeatherScreenDataModels.swift in Sources */,
				05E658E4292A5AE3004B6F0B /* WeatherViewController.swift in Sources */,
				05D801A2292AEB3100942716 /* WeatherLable.swift in Sources */,
				05D8019D292AEA0100942716 /* HoursWeatherView.swift in Sources */,
				05FC9818292BBBC800A6DC99 /* WeatherScreenPresenter.swift in Sources */,
				05FC9809292BBAA000A6DC99 /* WeatherForAWeekCell.swift in Sources */,
				05E658E0292A5AE3004B6F0B /* AppDelegate.swift in Sources */,
				05E658E2292A5AE3004B6F0B /* SceneDelegate.swift in Sources */,
				05FC980B292BBAAF00A6DC99 /* WeatherForAWeekTableViewCell.swift in Sources */,
				0590D649292E474B008D46F9 /* TitleCell.swift in Sources */,
				05D8019F292AEA2100942716 /* HoursWeatherCollectionCell.swift in Sources */,
				05FC97FF292BB7F000A6DC99 /* Weather.swift in Sources */,
				05FC9865292C069300A6DC99 /* JSONManager.swift in Sources */,
				05FC9811292BBB3B00A6DC99 /* SeparatorView.swift in Sources */,
				0590D6D1292E8AF7008D46F9 /* CustomColors.swift in Sources */,
				05FC980F292BBB3000A6DC99 /* ContentView.swift in Sources */,
				05FC9816292BBBB300A6DC99 /* WeatherScreenConfigurator.swift in Sources */,
				05FC9801292BB81700A6DC99 /* IconEnum.swift in Sources */,
				0590D6D3292E8B22008D46F9 /* FontExtention.swift in Sources */,
			);
			runOnlyForDeploymentPostprocessing = 0;
		};
/* End PBXSourcesBuildPhase section */

/* Begin PBXVariantGroup section */
		05E658E5292A5AE3004B6F0B /* Main.storyboard */ = {
			isa = PBXVariantGroup;
			children = (
				05E658E6292A5AE3004B6F0B /* Base */,
			);
			name = Main.storyboard;
			sourceTree = "<group>";
		};
		05E658EA292A5AE4004B6F0B /* LaunchScreen.storyboard */ = {
			isa = PBXVariantGroup;
			children = (
				05E658EB292A5AE4004B6F0B /* Base */,
			);
			name = LaunchScreen.storyboard;
			sourceTree = "<group>";
		};
/* End PBXVariantGroup section */

/* Begin XCBuildConfiguration section */
		05E658EE292A5AE4004B6F0B /* Debug */ = {
			isa = XCBuildConfiguration;
			buildSettings = {
				ALWAYS_SEARCH_USER_PATHS = NO;
				CLANG_ANALYZER_NONNULL = YES;
				CLANG_ANALYZER_NUMBER_OBJECT_CONVERSION = YES_AGGRESSIVE;
				CLANG_CXX_LANGUAGE_STANDARD = "gnu++20";
				CLANG_ENABLE_MODULES = YES;
				CLANG_ENABLE_OBJC_ARC = YES;
				CLANG_ENABLE_OBJC_WEAK = YES;
				CLANG_WARN_BLOCK_CAPTURE_AUTORELEASING = YES;
				CLANG_WARN_BOOL_CONVERSION = YES;
				CLANG_WARN_COMMA = YES;
				CLANG_WARN_CONSTANT_CONVERSION = YES;
				CLANG_WARN_DEPRECATED_OBJC_IMPLEMENTATIONS = YES;
				CLANG_WARN_DIRECT_OBJC_ISA_USAGE = YES_ERROR;
				CLANG_WARN_DOCUMENTATION_COMMENTS = YES;
				CLANG_WARN_EMPTY_BODY = YES;
				CLANG_WARN_ENUM_CONVERSION = YES;
				CLANG_WARN_INFINITE_RECURSION = YES;
				CLANG_WARN_INT_CONVERSION = YES;
				CLANG_WARN_NON_LITERAL_NULL_CONVERSION = YES;
				CLANG_WARN_OBJC_IMPLICIT_RETAIN_SELF = YES;
				CLANG_WARN_OBJC_LITERAL_CONVERSION = YES;
				CLANG_WARN_OBJC_ROOT_CLASS = YES_ERROR;
				CLANG_WARN_QUOTED_INCLUDE_IN_FRAMEWORK_HEADER = YES;
				CLANG_WARN_RANGE_LOOP_ANALYSIS = YES;
				CLANG_WARN_STRICT_PROTOTYPES = YES;
				CLANG_WARN_SUSPICIOUS_MOVE = YES;
				CLANG_WARN_UNGUARDED_AVAILABILITY = YES_AGGRESSIVE;
				CLANG_WARN_UNREACHABLE_CODE = YES;
				CLANG_WARN__DUPLICATE_METHOD_MATCH = YES;
				COPY_PHASE_STRIP = NO;
				DEBUG_INFORMATION_FORMAT = dwarf;
				ENABLE_STRICT_OBJC_MSGSEND = YES;
				ENABLE_TESTABILITY = YES;
				GCC_C_LANGUAGE_STANDARD = gnu11;
				GCC_DYNAMIC_NO_PIC = NO;
				GCC_NO_COMMON_BLOCKS = YES;
				GCC_OPTIMIZATION_LEVEL = 0;
				GCC_PREPROCESSOR_DEFINITIONS = (
					"DEBUG=1",
					"$(inherited)",
				);
				GCC_WARN_64_TO_32_BIT_CONVERSION = YES;
				GCC_WARN_ABOUT_RETURN_TYPE = YES_ERROR;
				GCC_WARN_UNDECLARED_SELECTOR = YES;
				GCC_WARN_UNINITIALIZED_AUTOS = YES_AGGRESSIVE;
				GCC_WARN_UNUSED_FUNCTION = YES;
				GCC_WARN_UNUSED_VARIABLE = YES;
				IPHONEOS_DEPLOYMENT_TARGET = 16.1;
				MTL_ENABLE_DEBUG_INFO = INCLUDE_SOURCE;
				MTL_FAST_MATH = YES;
				ONLY_ACTIVE_ARCH = YES;
				SDKROOT = iphoneos;
				SWIFT_ACTIVE_COMPILATION_CONDITIONS = DEBUG;
				SWIFT_OPTIMIZATION_LEVEL = "-Onone";
			};
			name = Debug;
		};
		05E658EF292A5AE4004B6F0B /* Release */ = {
			isa = XCBuildConfiguration;
			buildSettings = {
				ALWAYS_SEARCH_USER_PATHS = NO;
				CLANG_ANALYZER_NONNULL = YES;
				CLANG_ANALYZER_NUMBER_OBJECT_CONVERSION = YES_AGGRESSIVE;
				CLANG_CXX_LANGUAGE_STANDARD = "gnu++20";
				CLANG_ENABLE_MODULES = YES;
				CLANG_ENABLE_OBJC_ARC = YES;
				CLANG_ENABLE_OBJC_WEAK = YES;
				CLANG_WARN_BLOCK_CAPTURE_AUTORELEASING = YES;
				CLANG_WARN_BOOL_CONVERSION = YES;
				CLANG_WARN_COMMA = YES;
				CLANG_WARN_CONSTANT_CONVERSION = YES;
				CLANG_WARN_DEPRECATED_OBJC_IMPLEMENTATIONS = YES;
				CLANG_WARN_DIRECT_OBJC_ISA_USAGE = YES_ERROR;
				CLANG_WARN_DOCUMENTATION_COMMENTS = YES;
				CLANG_WARN_EMPTY_BODY = YES;
				CLANG_WARN_ENUM_CONVERSION = YES;
				CLANG_WARN_INFINITE_RECURSION = YES;
				CLANG_WARN_INT_CONVERSION = YES;
				CLANG_WARN_NON_LITERAL_NULL_CONVERSION = YES;
				CLANG_WARN_OBJC_IMPLICIT_RETAIN_SELF = YES;
				CLANG_WARN_OBJC_LITERAL_CONVERSION = YES;
				CLANG_WARN_OBJC_ROOT_CLASS = YES_ERROR;
				CLANG_WARN_QUOTED_INCLUDE_IN_FRAMEWORK_HEADER = YES;
				CLANG_WARN_RANGE_LOOP_ANALYSIS = YES;
				CLANG_WARN_STRICT_PROTOTYPES = YES;
				CLANG_WARN_SUSPICIOUS_MOVE = YES;
				CLANG_WARN_UNGUARDED_AVAILABILITY = YES_AGGRESSIVE;
				CLANG_WARN_UNREACHABLE_CODE = YES;
				CLANG_WARN__DUPLICATE_METHOD_MATCH = YES;
				COPY_PHASE_STRIP = NO;
				DEBUG_INFORMATION_FORMAT = "dwarf-with-dsym";
				ENABLE_NS_ASSERTIONS = NO;
				ENABLE_STRICT_OBJC_MSGSEND = YES;
				GCC_C_LANGUAGE_STANDARD = gnu11;
				GCC_NO_COMMON_BLOCKS = YES;
				GCC_WARN_64_TO_32_BIT_CONVERSION = YES;
				GCC_WARN_ABOUT_RETURN_TYPE = YES_ERROR;
				GCC_WARN_UNDECLARED_SELECTOR = YES;
				GCC_WARN_UNINITIALIZED_AUTOS = YES_AGGRESSIVE;
				GCC_WARN_UNUSED_FUNCTION = YES;
				GCC_WARN_UNUSED_VARIABLE = YES;
				IPHONEOS_DEPLOYMENT_TARGET = 16.1;
				MTL_ENABLE_DEBUG_INFO = NO;
				MTL_FAST_MATH = YES;
				SDKROOT = iphoneos;
				SWIFT_COMPILATION_MODE = wholemodule;
				SWIFT_OPTIMIZATION_LEVEL = "-O";
				VALIDATE_PRODUCT = YES;
			};
			name = Release;
		};
		05E658F1292A5AE4004B6F0B /* Debug */ = {
			isa = XCBuildConfiguration;
			buildSettings = {
				ASSETCATALOG_COMPILER_APPICON_NAME = AppIcon;
				ASSETCATALOG_COMPILER_GLOBAL_ACCENT_COLOR_NAME = AccentColor;
				CODE_SIGN_STYLE = Automatic;
				CURRENT_PROJECT_VERSION = 1;
				DEVELOPMENT_TEAM = DY69TQ5DW9;
				GENERATE_INFOPLIST_FILE = YES;
				INFOPLIST_FILE = TestTaskXOne/Info.plist;
				INFOPLIST_KEY_UIApplicationSupportsIndirectInputEvents = YES;
				INFOPLIST_KEY_UILaunchStoryboardName = LaunchScreen;
				INFOPLIST_KEY_UIMainStoryboardFile = Main;
				INFOPLIST_KEY_UISupportedInterfaceOrientations_iPad = "UIInterfaceOrientationPortrait UIInterfaceOrientationPortraitUpsideDown UIInterfaceOrientationLandscapeLeft UIInterfaceOrientationLandscapeRight";
				INFOPLIST_KEY_UISupportedInterfaceOrientations_iPhone = "UIInterfaceOrientationPortrait UIInterfaceOrientationLandscapeLeft UIInterfaceOrientationLandscapeRight";
				IPHONEOS_DEPLOYMENT_TARGET = 13.0;
				LD_RUNPATH_SEARCH_PATHS = (
					"$(inherited)",
					"@executable_path/Frameworks",
				);
				MARKETING_VERSION = 1.0;
				PRODUCT_BUNDLE_IDENTIFIER = dtylai.TestTaskXOne;
				PRODUCT_NAME = "$(TARGET_NAME)";
				SWIFT_EMIT_LOC_STRINGS = YES;
				SWIFT_VERSION = 5.0;
				TARGETED_DEVICE_FAMILY = "1,2";
			};
			name = Debug;
		};
		05E658F2292A5AE4004B6F0B /* Release */ = {
			isa = XCBuildConfiguration;
			buildSettings = {
				ASSETCATALOG_COMPILER_APPICON_NAME = AppIcon;
				ASSETCATALOG_COMPILER_GLOBAL_ACCENT_COLOR_NAME = AccentColor;
				CODE_SIGN_STYLE = Automatic;
				CURRENT_PROJECT_VERSION = 1;
				DEVELOPMENT_TEAM = DY69TQ5DW9;
				GENERATE_INFOPLIST_FILE = YES;
				INFOPLIST_FILE = TestTaskXOne/Info.plist;
				INFOPLIST_KEY_UIApplicationSupportsIndirectInputEvents = YES;
				INFOPLIST_KEY_UILaunchStoryboardName = LaunchScreen;
				INFOPLIST_KEY_UIMainStoryboardFile = Main;
				INFOPLIST_KEY_UISupportedInterfaceOrientations_iPad = "UIInterfaceOrientationPortrait UIInterfaceOrientationPortraitUpsideDown UIInterfaceOrientationLandscapeLeft UIInterfaceOrientationLandscapeRight";
				INFOPLIST_KEY_UISupportedInterfaceOrientations_iPhone = "UIInterfaceOrientationPortrait UIInterfaceOrientationLandscapeLeft UIInterfaceOrientationLandscapeRight";
				IPHONEOS_DEPLOYMENT_TARGET = 13.0;
				LD_RUNPATH_SEARCH_PATHS = (
					"$(inherited)",
					"@executable_path/Frameworks",
				);
				MARKETING_VERSION = 1.0;
				PRODUCT_BUNDLE_IDENTIFIER = dtylai.TestTaskXOne;
				PRODUCT_NAME = "$(TARGET_NAME)";
				SWIFT_EMIT_LOC_STRINGS = YES;
				SWIFT_VERSION = 5.0;
				TARGETED_DEVICE_FAMILY = "1,2";
			};
			name = Release;
		};
/* End XCBuildConfiguration section */

/* Begin XCConfigurationList section */
		05E658D7292A5AE3004B6F0B /* Build configuration list for PBXProject "TestTaskXOne" */ = {
			isa = XCConfigurationList;
			buildConfigurations = (
				05E658EE292A5AE4004B6F0B /* Debug */,
				05E658EF292A5AE4004B6F0B /* Release */,
			);
			defaultConfigurationIsVisible = 0;
			defaultConfigurationName = Release;
		};
		05E658F0292A5AE4004B6F0B /* Build configuration list for PBXNativeTarget "TestTaskXOne" */ = {
			isa = XCConfigurationList;
			buildConfigurations = (
				05E658F1292A5AE4004B6F0B /* Debug */,
				05E658F2292A5AE4004B6F0B /* Release */,
			);
			defaultConfigurationIsVisible = 0;
			defaultConfigurationName = Release;
		};
/* End XCConfigurationList section */
	};
	rootObject = 05E658D4292A5AE3004B6F0B /* Project object */;
}
